// !$*UTF8*$!
{
	archiveVersion = 1;
	classes = {
	};
	objectVersion = 46;
	objects = {

/* Begin PBXBuildFile section */
		DF03123515E601270057CC22 /* Singleshot.help in Resources */ = {isa = PBXBuildFile; fileRef = DF03123415E601270057CC22 /* Singleshot.help */; };
		DF06E8CD15DF1B51009FEDE3 /* singleshot.iconset in Resources */ = {isa = PBXBuildFile; fileRef = DF06E8CC15DF1B51009FEDE3 /* singleshot.iconset */; };
		DF2A436F15CF3D560012C994 /* License.rtf in Resources */ = {isa = PBXBuildFile; fileRef = DF2A436E15CF3D560012C994 /* License.rtf */; };
		DF2BBF3315B7C0F800A1E1C0 /* S3InputMenuManager.m in Sources */ = {isa = PBXBuildFile; fileRef = DF2BBF3215B7C0F800A1E1C0 /* S3InputMenuManager.m */; };
		DF6333F215CE01B40067DB88 /* S3HotkeyRegistration.m in Sources */ = {isa = PBXBuildFile; fileRef = DF6333F115CE01B40067DB88 /* S3HotkeyRegistration.m */; };
		DF7D840D15B6867500F4BE3D /* SRRemoveShortcut.tif in Resources */ = {isa = PBXBuildFile; fileRef = DF7D840915B6867500F4BE3D /* SRRemoveShortcut.tif */; };
		DF7D840E15B6867500F4BE3D /* SRRemoveShortcutPressed.tif in Resources */ = {isa = PBXBuildFile; fileRef = DF7D840A15B6867500F4BE3D /* SRRemoveShortcutPressed.tif */; };
		DF7D840F15B6867500F4BE3D /* SRRemoveShortcutRollover.tif in Resources */ = {isa = PBXBuildFile; fileRef = DF7D840B15B6867500F4BE3D /* SRRemoveShortcutRollover.tif */; };
		DF7D841015B6867500F4BE3D /* SRSnapback.tiff in Resources */ = {isa = PBXBuildFile; fileRef = DF7D840C15B6867500F4BE3D /* SRSnapback.tiff */; };
		DF7D841D15B6869200F4BE3D /* SRCommon.m in Sources */ = {isa = PBXBuildFile; fileRef = DF7D841415B6869200F4BE3D /* SRCommon.m */; settings = {COMPILER_FLAGS = "-w"; }; };
		DF7D841E15B6869200F4BE3D /* SRKeyCodeTransformer.m in Sources */ = {isa = PBXBuildFile; fileRef = DF7D841615B6869200F4BE3D /* SRKeyCodeTransformer.m */; settings = {COMPILER_FLAGS = "-w"; }; };
		DF7D841F15B6869200F4BE3D /* SRRecorderCell.m in Sources */ = {isa = PBXBuildFile; fileRef = DF7D841815B6869200F4BE3D /* SRRecorderCell.m */; settings = {COMPILER_FLAGS = "-w"; }; };
		DF7D842015B6869200F4BE3D /* SRRecorderControl.m in Sources */ = {isa = PBXBuildFile; fileRef = DF7D841A15B6869200F4BE3D /* SRRecorderControl.m */; settings = {COMPILER_FLAGS = "-w"; }; };
		DF7D842115B6869200F4BE3D /* SRValidator.m in Sources */ = {isa = PBXBuildFile; fileRef = DF7D841C15B6869200F4BE3D /* SRValidator.m */; settings = {COMPILER_FLAGS = "-w"; }; };
		DFE13A9015B66F5F009C6749 /* Cocoa.framework in Frameworks */ = {isa = PBXBuildFile; fileRef = DFE13A8F15B66F5F009C6749 /* Cocoa.framework */; };
		DFE13A9A15B66F5F009C6749 /* InfoPlist.strings in Resources */ = {isa = PBXBuildFile; fileRef = DFE13A9815B66F5F009C6749 /* InfoPlist.strings */; };
		DFE13A9C15B66F5F009C6749 /* main.m in Sources */ = {isa = PBXBuildFile; fileRef = DFE13A9B15B66F5F009C6749 /* main.m */; };
		DFE13AA015B66F5F009C6749 /* Credits.rtf in Resources */ = {isa = PBXBuildFile; fileRef = DFE13A9E15B66F5F009C6749 /* Credits.rtf */; };
		DFE13AA315B66F5F009C6749 /* S3AppDelegate.m in Sources */ = {isa = PBXBuildFile; fileRef = DFE13AA215B66F5F009C6749 /* S3AppDelegate.m */; };
		DFE13AA615B66F5F009C6749 /* MainMenu.xib in Resources */ = {isa = PBXBuildFile; fileRef = DFE13AA415B66F5F009C6749 /* MainMenu.xib */; };
		DFE13AAD15B66F67009C6749 /* Carbon.framework in Frameworks */ = {isa = PBXBuildFile; fileRef = DFE13AAC15B66F67009C6749 /* Carbon.framework */; };
/* End PBXBuildFile section */

/* Begin PBXFileReference section */
		DF03123415E601270057CC22 /* Singleshot.help */ = {isa = PBXFileReference; lastKnownFileType = folder; path = Singleshot.help; sourceTree = "<group>"; };
		DF06E8CC15DF1B51009FEDE3 /* singleshot.iconset */ = {isa = PBXFileReference; lastKnownFileType = folder.iconset; path = singleshot.iconset; sourceTree = "<group>"; };
		DF2A436E15CF3D560012C994 /* License.rtf */ = {isa = PBXFileReference; fileEncoding = 4; lastKnownFileType = text.rtf; path = License.rtf; sourceTree = "<group>"; };
		DF2BBF3115B7C0F800A1E1C0 /* S3InputMenuManager.h */ = {isa = PBXFileReference; fileEncoding = 4; lastKnownFileType = sourcecode.c.h; path = S3InputMenuManager.h; sourceTree = "<group>"; };
		DF2BBF3215B7C0F800A1E1C0 /* S3InputMenuManager.m */ = {isa = PBXFileReference; fileEncoding = 4; lastKnownFileType = sourcecode.c.objc; path = S3InputMenuManager.m; sourceTree = "<group>"; };
		DF6333F015CE01B40067DB88 /* S3HotkeyRegistration.h */ = {isa = PBXFileReference; fileEncoding = 4; lastKnownFileType = sourcecode.c.h; path = S3HotkeyRegistration.h; sourceTree = "<group>"; };
		DF6333F115CE01B40067DB88 /* S3HotkeyRegistration.m */ = {isa = PBXFileReference; fileEncoding = 4; lastKnownFileType = sourcecode.c.objc; path = S3HotkeyRegistration.m; sourceTree = "<group>"; };
		DF7D840915B6867500F4BE3D /* SRRemoveShortcut.tif */ = {isa = PBXFileReference; lastKnownFileType = image.tiff; path = SRRemoveShortcut.tif; sourceTree = "<group>"; };
		DF7D840A15B6867500F4BE3D /* SRRemoveShortcutPressed.tif */ = {isa = PBXFileReference; lastKnownFileType = image.tiff; path = SRRemoveShortcutPressed.tif; sourceTree = "<group>"; };
		DF7D840B15B6867500F4BE3D /* SRRemoveShortcutRollover.tif */ = {isa = PBXFileReference; lastKnownFileType = image.tiff; path = SRRemoveShortcutRollover.tif; sourceTree = "<group>"; };
		DF7D840C15B6867500F4BE3D /* SRSnapback.tiff */ = {isa = PBXFileReference; lastKnownFileType = image.tiff; path = SRSnapback.tiff; sourceTree = "<group>"; };
		DF7D841215B6869200F4BE3D /* ShortcutRecorder.h */ = {isa = PBXFileReference; fileEncoding = 4; lastKnownFileType = sourcecode.c.h; path = ShortcutRecorder.h; sourceTree = "<group>"; };
		DF7D841315B6869200F4BE3D /* SRCommon.h */ = {isa = PBXFileReference; fileEncoding = 4; lastKnownFileType = sourcecode.c.h; path = SRCommon.h; sourceTree = "<group>"; };
		DF7D841415B6869200F4BE3D /* SRCommon.m */ = {isa = PBXFileReference; fileEncoding = 4; lastKnownFileType = sourcecode.c.objc; path = SRCommon.m; sourceTree = "<group>"; };
		DF7D841515B6869200F4BE3D /* SRKeyCodeTransformer.h */ = {isa = PBXFileReference; fileEncoding = 4; lastKnownFileType = sourcecode.c.h; path = SRKeyCodeTransformer.h; sourceTree = "<group>"; };
		DF7D841615B6869200F4BE3D /* SRKeyCodeTransformer.m */ = {isa = PBXFileReference; fileEncoding = 4; lastKnownFileType = sourcecode.c.objc; path = SRKeyCodeTransformer.m; sourceTree = "<group>"; };
		DF7D841715B6869200F4BE3D /* SRRecorderCell.h */ = {isa = PBXFileReference; fileEncoding = 4; lastKnownFileType = sourcecode.c.h; path = SRRecorderCell.h; sourceTree = "<group>"; };
		DF7D841815B6869200F4BE3D /* SRRecorderCell.m */ = {isa = PBXFileReference; fileEncoding = 4; lastKnownFileType = sourcecode.c.objc; path = SRRecorderCell.m; sourceTree = "<group>"; };
		DF7D841915B6869200F4BE3D /* SRRecorderControl.h */ = {isa = PBXFileReference; fileEncoding = 4; lastKnownFileType = sourcecode.c.h; path = SRRecorderControl.h; sourceTree = "<group>"; };
		DF7D841A15B6869200F4BE3D /* SRRecorderControl.m */ = {isa = PBXFileReference; fileEncoding = 4; lastKnownFileType = sourcecode.c.objc; path = SRRecorderControl.m; sourceTree = "<group>"; };
		DF7D841B15B6869200F4BE3D /* SRValidator.h */ = {isa = PBXFileReference; fileEncoding = 4; lastKnownFileType = sourcecode.c.h; path = SRValidator.h; sourceTree = "<group>"; };
		DF7D841C15B6869200F4BE3D /* SRValidator.m */ = {isa = PBXFileReference; fileEncoding = 4; lastKnownFileType = sourcecode.c.objc; path = SRValidator.m; sourceTree = "<group>"; };
		DFE13A8B15B66F5F009C6749 /* SingleshotBeta.app */ = {isa = PBXFileReference; explicitFileType = wrapper.application; includeInIndex = 0; name = SingleshotBeta.app; path = Singleshot.app; sourceTree = BUILT_PRODUCTS_DIR; };
		DFE13A8F15B66F5F009C6749 /* Cocoa.framework */ = {isa = PBXFileReference; lastKnownFileType = wrapper.framework; name = Cocoa.framework; path = System/Library/Frameworks/Cocoa.framework; sourceTree = SDKROOT; };
		DFE13A9215B66F5F009C6749 /* AppKit.framework */ = {isa = PBXFileReference; lastKnownFileType = wrapper.framework; name = AppKit.framework; path = System/Library/Frameworks/AppKit.framework; sourceTree = SDKROOT; };
		DFE13A9315B66F5F009C6749 /* CoreData.framework */ = {isa = PBXFileReference; lastKnownFileType = wrapper.framework; name = CoreData.framework; path = System/Library/Frameworks/CoreData.framework; sourceTree = SDKROOT; };
		DFE13A9415B66F5F009C6749 /* Foundation.framework */ = {isa = PBXFileReference; lastKnownFileType = wrapper.framework; name = Foundation.framework; path = System/Library/Frameworks/Foundation.framework; sourceTree = SDKROOT; };
		DFE13A9715B66F5F009C6749 /* Singleshot-Info.plist */ = {isa = PBXFileReference; lastKnownFileType = text.plist.xml; path = "Singleshot-Info.plist"; sourceTree = "<group>"; };
		DFE13A9915B66F5F009C6749 /* en */ = {isa = PBXFileReference; lastKnownFileType = text.plist.strings; name = en; path = en.lproj/InfoPlist.strings; sourceTree = "<group>"; };
		DFE13A9B15B66F5F009C6749 /* main.m */ = {isa = PBXFileReference; lastKnownFileType = sourcecode.c.objc; path = main.m; sourceTree = "<group>"; };
		DFE13A9D15B66F5F009C6749 /* Singleshot-Prefix.pch */ = {isa = PBXFileReference; lastKnownFileType = sourcecode.c.h; path = "Singleshot-Prefix.pch"; sourceTree = "<group>"; };
		DFE13A9F15B66F5F009C6749 /* en */ = {isa = PBXFileReference; lastKnownFileType = text.rtf; name = en; path = en.lproj/Credits.rtf; sourceTree = "<group>"; };
		DFE13AA115B66F5F009C6749 /* S3AppDelegate.h */ = {isa = PBXFileReference; lastKnownFileType = sourcecode.c.h; path = S3AppDelegate.h; sourceTree = "<group>"; };
		DFE13AA215B66F5F009C6749 /* S3AppDelegate.m */ = {isa = PBXFileReference; lastKnownFileType = sourcecode.c.objc; path = S3AppDelegate.m; sourceTree = "<group>"; };
		DFE13AA515B66F5F009C6749 /* en */ = {isa = PBXFileReference; lastKnownFileType = file.xib; name = en; path = en.lproj/MainMenu.xib; sourceTree = "<group>"; };
		DFE13AAC15B66F67009C6749 /* Carbon.framework */ = {isa = PBXFileReference; lastKnownFileType = wrapper.framework; name = Carbon.framework; path = System/Library/Frameworks/Carbon.framework; sourceTree = SDKROOT; };
/* End PBXFileReference section */

/* Begin PBXFrameworksBuildPhase section */
		DFE13A8815B66F5F009C6749 /* Frameworks */ = {
			isa = PBXFrameworksBuildPhase;
			buildActionMask = 2147483647;
			files = (
				DFE13AAD15B66F67009C6749 /* Carbon.framework in Frameworks */,
				DFE13A9015B66F5F009C6749 /* Cocoa.framework in Frameworks */,
			);
			runOnlyForDeploymentPostprocessing = 0;
		};
/* End PBXFrameworksBuildPhase section */

/* Begin PBXGroup section */
		DF7D840815B6867500F4BE3D /* Images */ = {
			isa = PBXGroup;
			children = (
				DF06E8CC15DF1B51009FEDE3 /* singleshot.iconset */,
				DF7D840915B6867500F4BE3D /* SRRemoveShortcut.tif */,
				DF7D840A15B6867500F4BE3D /* SRRemoveShortcutPressed.tif */,
				DF7D840B15B6867500F4BE3D /* SRRemoveShortcutRollover.tif */,
				DF7D840C15B6867500F4BE3D /* SRSnapback.tiff */,
			);
			path = Images;
			sourceTree = "<group>";
		};
		DF7D841115B6868100F4BE3D /* ShortcutRecorder */ = {
			isa = PBXGroup;
			children = (
				DF7D841215B6869200F4BE3D /* ShortcutRecorder.h */,
				DF7D841315B6869200F4BE3D /* SRCommon.h */,
				DF7D841415B6869200F4BE3D /* SRCommon.m */,
				DF7D841515B6869200F4BE3D /* SRKeyCodeTransformer.h */,
				DF7D841615B6869200F4BE3D /* SRKeyCodeTransformer.m */,
				DF7D841715B6869200F4BE3D /* SRRecorderCell.h */,
				DF7D841815B6869200F4BE3D /* SRRecorderCell.m */,
				DF7D841915B6869200F4BE3D /* SRRecorderControl.h */,
				DF7D841A15B6869200F4BE3D /* SRRecorderControl.m */,
				DF7D841B15B6869200F4BE3D /* SRValidator.h */,
				DF7D841C15B6869200F4BE3D /* SRValidator.m */,
			);
			name = ShortcutRecorder;
			sourceTree = "<group>";
		};
		DFE13A8015B66F5F009C6749 = {
			isa = PBXGroup;
			children = (
				DFE13AAC15B66F67009C6749 /* Carbon.framework */,
				DFE13A9515B66F5F009C6749 /* OneKeyOneLanguage */,
				DFE13A8E15B66F5F009C6749 /* Frameworks */,
				DFE13A8C15B66F5F009C6749 /* Products */,
			);
			sourceTree = "<group>";
		};
		DFE13A8C15B66F5F009C6749 /* Products */ = {
			isa = PBXGroup;
			children = (
				DFE13A8B15B66F5F009C6749 /* SingleshotBeta.app */,
			);
			name = Products;
			sourceTree = "<group>";
		};
		DFE13A8E15B66F5F009C6749 /* Frameworks */ = {
			isa = PBXGroup;
			children = (
				DFE13A8F15B66F5F009C6749 /* Cocoa.framework */,
				DFE13A9115B66F5F009C6749 /* Other Frameworks */,
			);
			name = Frameworks;
			sourceTree = "<group>";
		};
		DFE13A9115B66F5F009C6749 /* Other Frameworks */ = {
			isa = PBXGroup;
			children = (
				DFE13A9215B66F5F009C6749 /* AppKit.framework */,
				DFE13A9315B66F5F009C6749 /* CoreData.framework */,
				DFE13A9415B66F5F009C6749 /* Foundation.framework */,
			);
			name = "Other Frameworks";
			sourceTree = "<group>";
		};
		DFE13A9515B66F5F009C6749 /* OneKeyOneLanguage */ = {
			isa = PBXGroup;
			children = (
				DF7D841115B6868100F4BE3D /* ShortcutRecorder */,
				DFE13AA115B66F5F009C6749 /* S3AppDelegate.h */,
				DFE13AA215B66F5F009C6749 /* S3AppDelegate.m */,
				DFE13AA415B66F5F009C6749 /* MainMenu.xib */,
				DFE13A9615B66F5F009C6749 /* Supporting Files */,
				DF2BBF3115B7C0F800A1E1C0 /* S3InputMenuManager.h */,
				DF2BBF3215B7C0F800A1E1C0 /* S3InputMenuManager.m */,
				DF6333F015CE01B40067DB88 /* S3HotkeyRegistration.h */,
				DF6333F115CE01B40067DB88 /* S3HotkeyRegistration.m */,
			);
			path = OneKeyOneLanguage;
			sourceTree = "<group>";
		};
		DFE13A9615B66F5F009C6749 /* Supporting Files */ = {
			isa = PBXGroup;
			children = (
				DF03123415E601270057CC22 /* Singleshot.help */,
				DF7D840815B6867500F4BE3D /* Images */,
				DFE13A9715B66F5F009C6749 /* Singleshot-Info.plist */,
				DFE13A9815B66F5F009C6749 /* InfoPlist.strings */,
				DFE13A9B15B66F5F009C6749 /* main.m */,
				DFE13A9D15B66F5F009C6749 /* Singleshot-Prefix.pch */,
				DFE13A9E15B66F5F009C6749 /* Credits.rtf */,
				DF2A436E15CF3D560012C994 /* License.rtf */,
			);
			name = "Supporting Files";
			sourceTree = "<group>";
		};
/* End PBXGroup section */

/* Begin PBXNativeTarget section */
		DFE13A8A15B66F5F009C6749 /* Singleshot */ = {
			isa = PBXNativeTarget;
			buildConfigurationList = DFE13AA915B66F5F009C6749 /* Build configuration list for PBXNativeTarget "Singleshot" */;
			buildPhases = (
				DFE13A8715B66F5F009C6749 /* Sources */,
				DFE13A8815B66F5F009C6749 /* Frameworks */,
				DFE13A8915B66F5F009C6749 /* Resources */,
			);
			buildRules = (
			);
			dependencies = (
			);
			name = Singleshot;
			productName = OneKeyOneLanguage;
			productReference = DFE13A8B15B66F5F009C6749 /* SingleshotBeta.app */;
			productType = "com.apple.product-type.application";
		};
/* End PBXNativeTarget section */

/* Begin PBXProject section */
		DFE13A8215B66F5F009C6749 /* Project object */ = {
			isa = PBXProject;
			attributes = {
				CLASSPREFIX = S3;
				LastUpgradeCheck = 0440;
				ORGANIZATIONNAME = "Sun, Sea and Sky Factory";
			};
			buildConfigurationList = DFE13A8515B66F5F009C6749 /* Build configuration list for PBXProject "Singleshot" */;
			compatibilityVersion = "Xcode 3.2";
			developmentRegion = English;
			hasScannedForEncodings = 0;
			knownRegions = (
				en,
			);
			mainGroup = DFE13A8015B66F5F009C6749;
			productRefGroup = DFE13A8C15B66F5F009C6749 /* Products */;
			projectDirPath = "";
			projectRoot = "";
			targets = (
				DFE13A8A15B66F5F009C6749 /* Singleshot */,
			);
		};
/* End PBXProject section */

/* Begin PBXResourcesBuildPhase section */
		DFE13A8915B66F5F009C6749 /* Resources */ = {
			isa = PBXResourcesBuildPhase;
			buildActionMask = 2147483647;
			files = (
				DFE13A9A15B66F5F009C6749 /* InfoPlist.strings in Resources */,
				DFE13AA015B66F5F009C6749 /* Credits.rtf in Resources */,
				DFE13AA615B66F5F009C6749 /* MainMenu.xib in Resources */,
				DF7D840D15B6867500F4BE3D /* SRRemoveShortcut.tif in Resources */,
				DF7D840E15B6867500F4BE3D /* SRRemoveShortcutPressed.tif in Resources */,
				DF7D840F15B6867500F4BE3D /* SRRemoveShortcutRollover.tif in Resources */,
				DF7D841015B6867500F4BE3D /* SRSnapback.tiff in Resources */,
				DF2A436F15CF3D560012C994 /* License.rtf in Resources */,
				DF06E8CD15DF1B51009FEDE3 /* singleshot.iconset in Resources */,
				DF03123515E601270057CC22 /* Singleshot.help in Resources */,
			);
			runOnlyForDeploymentPostprocessing = 0;
		};
/* End PBXResourcesBuildPhase section */

/* Begin PBXSourcesBuildPhase section */
		DFE13A8715B66F5F009C6749 /* Sources */ = {
			isa = PBXSourcesBuildPhase;
			buildActionMask = 2147483647;
			files = (
				DFE13A9C15B66F5F009C6749 /* main.m in Sources */,
				DFE13AA315B66F5F009C6749 /* S3AppDelegate.m in Sources */,
				DF7D841D15B6869200F4BE3D /* SRCommon.m in Sources */,
				DF7D841E15B6869200F4BE3D /* SRKeyCodeTransformer.m in Sources */,
				DF7D841F15B6869200F4BE3D /* SRRecorderCell.m in Sources */,
				DF7D842015B6869200F4BE3D /* SRRecorderControl.m in Sources */,
				DF7D842115B6869200F4BE3D /* SRValidator.m in Sources */,
				DF2BBF3315B7C0F800A1E1C0 /* S3InputMenuManager.m in Sources */,
				DF6333F215CE01B40067DB88 /* S3HotkeyRegistration.m in Sources */,
			);
			runOnlyForDeploymentPostprocessing = 0;
		};
/* End PBXSourcesBuildPhase section */

/* Begin PBXVariantGroup section */
		DFE13A9815B66F5F009C6749 /* InfoPlist.strings */ = {
			isa = PBXVariantGroup;
			children = (
				DFE13A9915B66F5F009C6749 /* en */,
			);
			name = InfoPlist.strings;
			sourceTree = "<group>";
		};
		DFE13A9E15B66F5F009C6749 /* Credits.rtf */ = {
			isa = PBXVariantGroup;
			children = (
				DFE13A9F15B66F5F009C6749 /* en */,
			);
			name = Credits.rtf;
			sourceTree = "<group>";
		};
		DFE13AA415B66F5F009C6749 /* MainMenu.xib */ = {
			isa = PBXVariantGroup;
			children = (
				DFE13AA515B66F5F009C6749 /* en */,
			);
			name = MainMenu.xib;
			sourceTree = "<group>";
		};
/* End PBXVariantGroup section */

/* Begin XCBuildConfiguration section */
		DFE13AA715B66F5F009C6749 /* Debug */ = {
			isa = XCBuildConfiguration;
			buildSettings = {
				ALWAYS_SEARCH_USER_PATHS = NO;
				ARCHS = "$(ARCHS_STANDARD_64_BIT)";
				CLANG_CXX_LANGUAGE_STANDARD = "gnu++0x";
				CLANG_ENABLE_OBJC_ARC = YES;
				CLANG_WARN__DUPLICATE_METHOD_MATCH = YES;
				COPY_PHASE_STRIP = NO;
				GCC_C_LANGUAGE_STANDARD = gnu99;
				GCC_DYNAMIC_NO_PIC = NO;
				GCC_ENABLE_OBJC_EXCEPTIONS = YES;
				GCC_OPTIMIZATION_LEVEL = 0;
				GCC_PREPROCESSOR_DEFINITIONS = (
					"DEBUG=1",
					"$(inherited)",
				);
				GCC_SYMBOLS_PRIVATE_EXTERN = NO;
				GCC_WARN_64_TO_32_BIT_CONVERSION = YES;
				GCC_WARN_ABOUT_RETURN_TYPE = YES;
				GCC_WARN_UNINITIALIZED_AUTOS = YES;
				GCC_WARN_UNUSED_VARIABLE = YES;
				MACOSX_DEPLOYMENT_TARGET = 10.8;
				ONLY_ACTIVE_ARCH = YES;
				SDKROOT = macosx;
			};
			name = Debug;
		};
		DFE13AA815B66F5F009C6749 /* Release */ = {
			isa = XCBuildConfiguration;
			buildSettings = {
				ALWAYS_SEARCH_USER_PATHS = NO;
				ARCHS = "$(ARCHS_STANDARD_64_BIT)";
				CLANG_CXX_LANGUAGE_STANDARD = "gnu++0x";
				CLANG_ENABLE_OBJC_ARC = YES;
				CLANG_WARN__DUPLICATE_METHOD_MATCH = YES;
				COPY_PHASE_STRIP = YES;
				DEBUG_INFORMATION_FORMAT = "dwarf-with-dsym";
				GCC_C_LANGUAGE_STANDARD = gnu99;
				GCC_ENABLE_OBJC_EXCEPTIONS = YES;
				GCC_WARN_64_TO_32_BIT_CONVERSION = YES;
				GCC_WARN_ABOUT_RETURN_TYPE = YES;
				GCC_WARN_UNINITIALIZED_AUTOS = YES;
				GCC_WARN_UNUSED_VARIABLE = YES;
				MACOSX_DEPLOYMENT_TARGET = 10.8;
				SDKROOT = macosx;
			};
			name = Release;
		};
		DFE13AAA15B66F5F009C6749 /* Debug */ = {
			isa = XCBuildConfiguration;
			buildSettings = {
				CLANG_ENABLE_OBJC_ARC = YES;
				COMBINE_HIDPI_IMAGES = YES;
				FRAMEWORK_SEARCH_PATHS = (
					"$(inherited)",
					"\"$(SRCROOT)\"",
				);
				GCC_PRECOMPILE_PREFIX_HEADER = YES;
				GCC_PREFIX_HEADER = "OneKeyOneLanguage/Singleshot-Prefix.pch";
				INFOPLIST_FILE = "OneKeyOneLanguage/Singleshot-Info.plist";
				PRODUCT_NAME = Singleshot;
				WARNING_CFLAGS = (
					"-Weverything",
					"-Wno-objc-missing-property-synthesis",
				);
				WRAPPER_EXTENSION = app;
			};
			name = Debug;
		};
		DFE13AAB15B66F5F009C6749 /* Release */ = {
			isa = XCBuildConfiguration;
			buildSettings = {
				CLANG_ENABLE_OBJC_ARC = YES;
				COMBINE_HIDPI_IMAGES = YES;
				FRAMEWORK_SEARCH_PATHS = (
					"$(inherited)",
					"\"$(SRCROOT)\"",
				);
				GCC_PRECOMPILE_PREFIX_HEADER = YES;
				GCC_PREFIX_HEADER = "OneKeyOneLanguage/Singleshot-Prefix.pch";
				INFOPLIST_FILE = "OneKeyOneLanguage/Singleshot-Info.plist";
				PRODUCT_NAME = Singleshot;
				WARNING_CFLAGS = (
					"-Weverything",
					"-Wno-objc-missing-property-synthesis",
				);
				WRAPPER_EXTENSION = app;
			};
			name = Release;
		};
/* End XCBuildConfiguration section */

/* Begin XCConfigurationList section */
		DFE13A8515B66F5F009C6749 /* Build configuration list for PBXProject "Singleshot" */ = {
			isa = XCConfigurationList;
			buildConfigurations = (
				DFE13AA715B66F5F009C6749 /* Debug */,
				DFE13AA815B66F5F009C6749 /* Release */,
			);
			defaultConfigurationIsVisible = 0;
			defaultConfigurationName = Release;
		};
		DFE13AA915B66F5F009C6749 /* Build configuration list for PBXNativeTarget "Singleshot" */ = {
			isa = XCConfigurationList;
			buildConfigurations = (
				DFE13AAA15B66F5F009C6749 /* Debug */,
				DFE13AAB15B66F5F009C6749 /* Release */,
			);
			defaultConfigurationIsVisible = 0;
			defaultConfigurationName = Release;
		};
/* End XCConfigurationList section */
	};
	rootObject = DFE13A8215B66F5F009C6749 /* Project object */;
}
